
Microsoft Visual Studio Solution File, Format Version 12.00
# Visual Studio Version 16
VisualStudioVersion = 16.0.32901.82
MinimumVisualStudioVersion = 10.0.40219.1
Project("{FAE04EC0-301F-11D3-BF4B-00C04F79EFBC}") = "Wyliczanie okno", "Wyliczanie okno\Wyliczanie okno.csproj", "{2AF40182-9C49-451E-B08B-83B70B9238D7}"
EndProject
Global
	GlobalSection(SolutionConfigurationPlatforms) = preSolution
		Debug|Any CPU = Debug|Any CPU
		Release|Any CPU = Release|Any CPU
	EndGlobalSection
	GlobalSection(ProjectConfigurationPlatforms) = postSolution
		{2AF40182-9C49-451E-B08B-83B70B9238D7}.Debug|Any CPU.ActiveCfg = Debug|Any CPU
		{2AF40182-9C49-451E-B08B-83B70B9238D7}.Debug|Any CPU.Build.0 = Debug|Any CPU
		{2AF40182-9C49-451E-B08B-83B70B9238D7}.Release|Any CPU.ActiveCfg = Release|Any CPU
		{2AF40182-9C49-451E-B08B-83B70B9238D7}.Release|Any CPU.Build.0 = Release|Any CPU
	EndGlobalSection
	GlobalSection(SolutionProperties) = preSolution
		HideSolutionNode = FALSE
	EndGlobalSection
	GlobalSection(ExtensibilityGlobals) = postSolution
		SolutionGuid = {9083AC79-ABF7-4653-90F2-7F6B164B14D1}
	EndGlobalSection
EndGlobal
